
Microsoft Visual Studio Solution File, Format Version 12.00
# Visual Studio Version 17
VisualStudioVersion = 17.1.32210.238
MinimumVisualStudioVersion = 10.0.40219.1
Project("{FAE04EC0-301F-11D3-BF4B-00C04F79EFBC}") = "Notebook_lab", "Notebook_lab\Notebook_lab.csproj", "{FF0F8262-6325-403C-84C3-46318BEA5693}"
EndProject
Global
	GlobalSection(SolutionConfigurationPlatforms) = preSolution
		Debug|Any CPU = Debug|Any CPU
		Release|Any CPU = Release|Any CPU
	EndGlobalSection
	GlobalSection(ProjectConfigurationPlatforms) = postSolution
		{FF0F8262-6325-403C-84C3-46318BEA5693}.Debug|Any CPU.ActiveCfg = Debug|Any CPU
		{FF0F8262-6325-403C-84C3-46318BEA5693}.Debug|Any CPU.Build.0 = Debug|Any CPU
		{FF0F8262-6325-403C-84C3-46318BEA5693}.Release|Any CPU.ActiveCfg = Release|Any CPU
		{FF0F8262-6325-403C-84C3-46318BEA5693}.Release|Any CPU.Build.0 = Release|Any CPU
	EndGlobalSection
	GlobalSection(SolutionProperties) = preSolution
		HideSolutionNode = FALSE
	EndGlobalSection
	GlobalSection(ExtensibilityGlobals) = postSolution
		SolutionGuid = {590196E2-0304-4DF0-BD4E-06E05DF678D5}
	EndGlobalSection
EndGlobal
